
Microsoft Visual Studio Solution File, Format Version 12.00
# Visual Studio Version 17
VisualStudioVersion = 17.7.34018.315
MinimumVisualStudioVersion = 10.0.40219.1
Project("{FAE04EC0-301F-11D3-BF4B-00C04F79EFBC}") = "EjemploFlujoAsync", "EjemploFlujoAsync\EjemploFlujoAsync.csproj", "{B1394FB3-DAA1-4893-B395-9EA764ABB12C}"
EndProject
Global
	GlobalSection(SolutionConfigurationPlatforms) = preSolution
		Debug|Any CPU = Debug|Any CPU
		Release|Any CPU = Release|Any CPU
	EndGlobalSection
	GlobalSection(ProjectConfigurationPlatforms) = postSolution
		{B1394FB3-DAA1-4893-B395-9EA764ABB12C}.Debug|Any CPU.ActiveCfg = Debug|Any CPU
		{B1394FB3-DAA1-4893-B395-9EA764ABB12C}.Debug|Any CPU.Build.0 = Debug|Any CPU
		{B1394FB3-DAA1-4893-B395-9EA764ABB12C}.Release|Any CPU.ActiveCfg = Release|Any CPU
		{B1394FB3-DAA1-4893-B395-9EA764ABB12C}.Release|Any CPU.Build.0 = Release|Any CPU
	EndGlobalSection
	GlobalSection(SolutionProperties) = preSolution
		HideSolutionNode = FALSE
	EndGlobalSection
	GlobalSection(ExtensibilityGlobals) = postSolution
		SolutionGuid = {92509DC2-999C-4DFC-B876-72E0209895D2}
	EndGlobalSection
EndGlobal
